// !$*UTF8*$!
{
	archiveVersion = 1;
	classes = {
	};
	objectVersion = 56;
	objects = {

/* Begin PBXBuildFile section */
		21737CD8E787776715268419 /* Pods_MarketTests.framework in Frameworks */ = {isa = PBXBuildFile; fileRef = 1C864511F1C54E4A9064E446 /* Pods_MarketTests.framework */; };
		310ABBD2F6911E8068499215 /* Pods_Market.framework in Frameworks */ = {isa = PBXBuildFile; fileRef = B80D9BF9338D7561FD333BA1 /* Pods_Market.framework */; };
		31BE1AD9290ED5210051E507 /* ListViewModelTest.swift in Sources */ = {isa = PBXBuildFile; fileRef = 31BE1AD8290ED5210051E507 /* ListViewModelTest.swift */; };
		31BE1ADC290ED5B60051E507 /* DataLoaderMock.swift in Sources */ = {isa = PBXBuildFile; fileRef = 31BE1ADB290ED5B60051E507 /* DataLoaderMock.swift */; };
		31BE1AE0290ED97F0051E507 /* items_v2.json in Resources */ = {isa = PBXBuildFile; fileRef = 31BE1ADF290ED88D0051E507 /* items_v2.json */; };
		31FDAE72290E97ED0005773D /* AppDelegate.swift in Sources */ = {isa = PBXBuildFile; fileRef = 31FDAE71290E97ED0005773D /* AppDelegate.swift */; };
		31FDAE74290E97ED0005773D /* SceneDelegate.swift in Sources */ = {isa = PBXBuildFile; fileRef = 31FDAE73290E97ED0005773D /* SceneDelegate.swift */; };
		31FDAE7B290E97EE0005773D /* Assets.xcassets in Resources */ = {isa = PBXBuildFile; fileRef = 31FDAE7A290E97EE0005773D /* Assets.xcassets */; };
		31FDAE7E290E97EE0005773D /* LaunchScreen.storyboard in Resources */ = {isa = PBXBuildFile; fileRef = 31FDAE7C290E97EE0005773D /* LaunchScreen.storyboard */; };
		31FDAE89290E97EE0005773D /* MarketTests.swift in Sources */ = {isa = PBXBuildFile; fileRef = 31FDAE88290E97EE0005773D /* MarketTests.swift */; };
		31FDAE93290E97EE0005773D /* MarketUITests.swift in Sources */ = {isa = PBXBuildFile; fileRef = 31FDAE92290E97EE0005773D /* MarketUITests.swift */; };
		31FDAE95290E97EE0005773D /* MarketUITestsLaunchTests.swift in Sources */ = {isa = PBXBuildFile; fileRef = 31FDAE94290E97EE0005773D /* MarketUITestsLaunchTests.swift */; };
		31FDAEA6290E9C290005773D /* List Model.swift in Sources */ = {isa = PBXBuildFile; fileRef = 31FDAEA5290E9C290005773D /* List Model.swift */; };
		31FDAEA9290E9C4C0005773D /* ListViewModel.swift in Sources */ = {isa = PBXBuildFile; fileRef = 31FDAEA8290E9C4C0005773D /* ListViewModel.swift */; };
		31FDAEAC290E9C8F0005773D /* ListCell.swift in Sources */ = {isa = PBXBuildFile; fileRef = 31FDAEAB290E9C8F0005773D /* ListCell.swift */; };
		31FDAEAE290E9CAC0005773D /* ListViewController.swift in Sources */ = {isa = PBXBuildFile; fileRef = 31FDAEAD290E9CAC0005773D /* ListViewController.swift */; };
		31FDAEB1290E9DF40005773D /* Model.swift in Sources */ = {isa = PBXBuildFile; fileRef = 31FDAEB0290E9DF40005773D /* Model.swift */; };
		31FDAEB4290E9E000005773D /* Error.swift in Sources */ = {isa = PBXBuildFile; fileRef = 31FDAEB3290E9E000005773D /* Error.swift */; };
		31FDAEB7290E9E850005773D /* DataLoader.swift in Sources */ = {isa = PBXBuildFile; fileRef = 31FDAEB6290E9E850005773D /* DataLoader.swift */; };
		31FDAEB9290E9E8E0005773D /* NetworkEngine.swift in Sources */ = {isa = PBXBuildFile; fileRef = 31FDAEB8290E9E8E0005773D /* NetworkEngine.swift */; };
		31FDAEBC290E9F8C0005773D /* ModelService.swift in Sources */ = {isa = PBXBuildFile; fileRef = 31FDAEBB290E9F8C0005773D /* ModelService.swift */; };
		31FDAEBE290E9F920005773D /* ModelServiceItem.swift in Sources */ = {isa = PBXBuildFile; fileRef = 31FDAEBD290E9F920005773D /* ModelServiceItem.swift */; };
		31FDAEC3290EA03D0005773D /* Predicate.swift in Sources */ = {isa = PBXBuildFile; fileRef = 31FDAEC2290EA03D0005773D /* Predicate.swift */; };
		31FDAEC5290EA0440005773D /* ObservableType+Action.swift in Sources */ = {isa = PBXBuildFile; fileRef = 31FDAEC4290EA0440005773D /* ObservableType+Action.swift */; };
		31FDAEC7290EA04B0005773D /* UIViewController+Rx.swift in Sources */ = {isa = PBXBuildFile; fileRef = 31FDAEC6290EA04B0005773D /* UIViewController+Rx.swift */; };
		31FDAEC9290EA0510005773D /* UIColor.swift in Sources */ = {isa = PBXBuildFile; fileRef = 31FDAEC8290EA0510005773D /* UIColor.swift */; };
/* End PBXBuildFile section */

/* Begin PBXContainerItemProxy section */
		31FDAE85290E97EE0005773D /* PBXContainerItemProxy */ = {
			isa = PBXContainerItemProxy;
			containerPortal = 31FDAE66290E97ED0005773D /* Project object */;
			proxyType = 1;
			remoteGlobalIDString = 31FDAE6D290E97ED0005773D;
			remoteInfo = Market;
		};
		31FDAE8F290E97EE0005773D /* PBXContainerItemProxy */ = {
			isa = PBXContainerItemProxy;
			containerPortal = 31FDAE66290E97ED0005773D /* Project object */;
			proxyType = 1;
			remoteGlobalIDString = 31FDAE6D290E97ED0005773D;
			remoteInfo = Market;
		};
/* End PBXContainerItemProxy section */

/* Begin PBXFileReference section */
		1C864511F1C54E4A9064E446 /* Pods_MarketTests.framework */ = {isa = PBXFileReference; explicitFileType = wrapper.framework; includeInIndex = 0; path = Pods_MarketTests.framework; sourceTree = BUILT_PRODUCTS_DIR; };
		21703D1D0E573D61CCEB60FF /* Pods-Market-Market.debug.xcconfig */ = {isa = PBXFileReference; includeInIndex = 1; lastKnownFileType = text.xcconfig; name = "Pods-Market-Market.debug.xcconfig"; path = "Target Support Files/Pods-Market-Market/Pods-Market-Market.debug.xcconfig"; sourceTree = "<group>"; };
		31BE1AD8290ED5210051E507 /* ListViewModelTest.swift */ = {isa = PBXFileReference; lastKnownFileType = sourcecode.swift; path = ListViewModelTest.swift; sourceTree = "<group>"; };
		31BE1ADB290ED5B60051E507 /* DataLoaderMock.swift */ = {isa = PBXFileReference; lastKnownFileType = sourcecode.swift; path = DataLoaderMock.swift; sourceTree = "<group>"; };
		31BE1ADF290ED88D0051E507 /* items_v2.json */ = {isa = PBXFileReference; explicitFileType = text.json; path = items_v2.json; sourceTree = "<group>"; };
		31FDAE6E290E97ED0005773D /* Market.app */ = {isa = PBXFileReference; explicitFileType = wrapper.application; includeInIndex = 0; path = Market.app; sourceTree = BUILT_PRODUCTS_DIR; };
		31FDAE71290E97ED0005773D /* AppDelegate.swift */ = {isa = PBXFileReference; lastKnownFileType = sourcecode.swift; path = AppDelegate.swift; sourceTree = "<group>"; };
		31FDAE73290E97ED0005773D /* SceneDelegate.swift */ = {isa = PBXFileReference; lastKnownFileType = sourcecode.swift; path = SceneDelegate.swift; sourceTree = "<group>"; };
		31FDAE7A290E97EE0005773D /* Assets.xcassets */ = {isa = PBXFileReference; lastKnownFileType = folder.assetcatalog; path = Assets.xcassets; sourceTree = "<group>"; };
		31FDAE7D290E97EE0005773D /* Base */ = {isa = PBXFileReference; lastKnownFileType = file.storyboard; name = Base; path = Base.lproj/LaunchScreen.storyboard; sourceTree = "<group>"; };
		31FDAE7F290E97EE0005773D /* Info.plist */ = {isa = PBXFileReference; lastKnownFileType = text.plist.xml; path = Info.plist; sourceTree = "<group>"; };
		31FDAE84290E97EE0005773D /* MarketTests.xctest */ = {isa = PBXFileReference; explicitFileType = wrapper.cfbundle; includeInIndex = 0; path = MarketTests.xctest; sourceTree = BUILT_PRODUCTS_DIR; };
		31FDAE88290E97EE0005773D /* MarketTests.swift */ = {isa = PBXFileReference; lastKnownFileType = sourcecode.swift; path = MarketTests.swift; sourceTree = "<group>"; };
		31FDAE8E290E97EE0005773D /* MarketUITests.xctest */ = {isa = PBXFileReference; explicitFileType = wrapper.cfbundle; includeInIndex = 0; path = MarketUITests.xctest; sourceTree = BUILT_PRODUCTS_DIR; };
		31FDAE92290E97EE0005773D /* MarketUITests.swift */ = {isa = PBXFileReference; lastKnownFileType = sourcecode.swift; path = MarketUITests.swift; sourceTree = "<group>"; };
		31FDAE94290E97EE0005773D /* MarketUITestsLaunchTests.swift */ = {isa = PBXFileReference; lastKnownFileType = sourcecode.swift; path = MarketUITestsLaunchTests.swift; sourceTree = "<group>"; };
		31FDAEA5290E9C290005773D /* List Model.swift */ = {isa = PBXFileReference; lastKnownFileType = sourcecode.swift; path = "List Model.swift"; sourceTree = "<group>"; };
		31FDAEA8290E9C4C0005773D /* ListViewModel.swift */ = {isa = PBXFileReference; lastKnownFileType = sourcecode.swift; path = ListViewModel.swift; sourceTree = "<group>"; };
		31FDAEAB290E9C8F0005773D /* ListCell.swift */ = {isa = PBXFileReference; lastKnownFileType = sourcecode.swift; path = ListCell.swift; sourceTree = "<group>"; };
		31FDAEAD290E9CAC0005773D /* ListViewController.swift */ = {isa = PBXFileReference; lastKnownFileType = sourcecode.swift; path = ListViewController.swift; sourceTree = "<group>"; };
		31FDAEB0290E9DF40005773D /* Model.swift */ = {isa = PBXFileReference; lastKnownFileType = sourcecode.swift; path = Model.swift; sourceTree = "<group>"; };
		31FDAEB3290E9E000005773D /* Error.swift */ = {isa = PBXFileReference; lastKnownFileType = sourcecode.swift; path = Error.swift; sourceTree = "<group>"; };
		31FDAEB6290E9E850005773D /* DataLoader.swift */ = {isa = PBXFileReference; lastKnownFileType = sourcecode.swift; path = DataLoader.swift; sourceTree = "<group>"; };
		31FDAEB8290E9E8E0005773D /* NetworkEngine.swift */ = {isa = PBXFileReference; lastKnownFileType = sourcecode.swift; path = NetworkEngine.swift; sourceTree = "<group>"; };
		31FDAEBB290E9F8C0005773D /* ModelService.swift */ = {isa = PBXFileReference; lastKnownFileType = sourcecode.swift; path = ModelService.swift; sourceTree = "<group>"; };
		31FDAEBD290E9F920005773D /* ModelServiceItem.swift */ = {isa = PBXFileReference; lastKnownFileType = sourcecode.swift; path = ModelServiceItem.swift; sourceTree = "<group>"; };
		31FDAEC2290EA03D0005773D /* Predicate.swift */ = {isa = PBXFileReference; lastKnownFileType = sourcecode.swift; path = Predicate.swift; sourceTree = "<group>"; };
		31FDAEC4290EA0440005773D /* ObservableType+Action.swift */ = {isa = PBXFileReference; lastKnownFileType = sourcecode.swift; path = "ObservableType+Action.swift"; sourceTree = "<group>"; };
		31FDAEC6290EA04B0005773D /* UIViewController+Rx.swift */ = {isa = PBXFileReference; lastKnownFileType = sourcecode.swift; path = "UIViewController+Rx.swift"; sourceTree = "<group>"; };
		31FDAEC8290EA0510005773D /* UIColor.swift */ = {isa = PBXFileReference; lastKnownFileType = sourcecode.swift; path = UIColor.swift; sourceTree = "<group>"; };
		35D6C76215DCFC77BA704C05 /* Pods-Market.release.xcconfig */ = {isa = PBXFileReference; includeInIndex = 1; lastKnownFileType = text.xcconfig; name = "Pods-Market.release.xcconfig"; path = "Target Support Files/Pods-Market/Pods-Market.release.xcconfig"; sourceTree = "<group>"; };
		3FAC22D28101C018ABA05DCE /* Pods-MarketTests.release.xcconfig */ = {isa = PBXFileReference; includeInIndex = 1; lastKnownFileType = text.xcconfig; name = "Pods-MarketTests.release.xcconfig"; path = "Target Support Files/Pods-MarketTests/Pods-MarketTests.release.xcconfig"; sourceTree = "<group>"; };
		97D46121CA20B771D8C89494 /* Pods-MarketTests.debug.xcconfig */ = {isa = PBXFileReference; includeInIndex = 1; lastKnownFileType = text.xcconfig; name = "Pods-MarketTests.debug.xcconfig"; path = "Target Support Files/Pods-MarketTests/Pods-MarketTests.debug.xcconfig"; sourceTree = "<group>"; };
		B80D9BF9338D7561FD333BA1 /* Pods_Market.framework */ = {isa = PBXFileReference; explicitFileType = wrapper.framework; includeInIndex = 0; path = Pods_Market.framework; sourceTree = BUILT_PRODUCTS_DIR; };
		C0235107EBD79A6D16C66946 /* Pods-Market.debug.xcconfig */ = {isa = PBXFileReference; includeInIndex = 1; lastKnownFileType = text.xcconfig; name = "Pods-Market.debug.xcconfig"; path = "Target Support Files/Pods-Market/Pods-Market.debug.xcconfig"; sourceTree = "<group>"; };
		F99406CD96082281E9F31C39 /* Pods-Market-Market.release.xcconfig */ = {isa = PBXFileReference; includeInIndex = 1; lastKnownFileType = text.xcconfig; name = "Pods-Market-Market.release.xcconfig"; path = "Target Support Files/Pods-Market-Market/Pods-Market-Market.release.xcconfig"; sourceTree = "<group>"; };
/* End PBXFileReference section */

/* Begin PBXFrameworksBuildPhase section */
		31FDAE6B290E97ED0005773D /* Frameworks */ = {
			isa = PBXFrameworksBuildPhase;
			buildActionMask = 2147483647;
			files = (
				310ABBD2F6911E8068499215 /* Pods_Market.framework in Frameworks */,
			);
			runOnlyForDeploymentPostprocessing = 0;
		};
		31FDAE81290E97EE0005773D /* Frameworks */ = {
			isa = PBXFrameworksBuildPhase;
			buildActionMask = 2147483647;
			files = (
				21737CD8E787776715268419 /* Pods_MarketTests.framework in Frameworks */,
			);
			runOnlyForDeploymentPostprocessing = 0;
		};
		31FDAE8B290E97EE0005773D /* Frameworks */ = {
			isa = PBXFrameworksBuildPhase;
			buildActionMask = 2147483647;
			files = (
			);
			runOnlyForDeploymentPostprocessing = 0;
		};
/* End PBXFrameworksBuildPhase section */

/* Begin PBXGroup section */
		3124ADE6290EC94700F17387 /* Resources */ = {
			isa = PBXGroup;
			children = (
				31FDAE7A290E97EE0005773D /* Assets.xcassets */,
				31FDAE7C290E97EE0005773D /* LaunchScreen.storyboard */,
			);
			path = Resources;
			sourceTree = "<group>";
		};
		31BE1ADA290ED5A10051E507 /* Mock */ = {
			isa = PBXGroup;
			children = (
				31BE1ADB290ED5B60051E507 /* DataLoaderMock.swift */,
			);
			path = Mock;
			sourceTree = "<group>";
		};
		31DC3488290ED18E0003E2CB /* Resources */ = {
			isa = PBXGroup;
			children = (
				31BE1ADF290ED88D0051E507 /* items_v2.json */,
			);
			path = Resources;
			sourceTree = "<group>";
		};
		31FDAE65290E97ED0005773D = {
			isa = PBXGroup;
			children = (
				31FDAE70290E97ED0005773D /* Market */,
				31FDAE87290E97EE0005773D /* MarketTests */,
				31FDAE91290E97EE0005773D /* MarketUITests */,
				31FDAE6F290E97ED0005773D /* Products */,
				AD44249D895019167FC11706 /* Pods */,
				D4DF85FBB4318761EE93E3F2 /* Frameworks */,
			);
			sourceTree = "<group>";
		};
		31FDAE6F290E97ED0005773D /* Products */ = {
			isa = PBXGroup;
			children = (
				31FDAE6E290E97ED0005773D /* Market.app */,
				31FDAE84290E97EE0005773D /* MarketTests.xctest */,
				31FDAE8E290E97EE0005773D /* MarketUITests.xctest */,
			);
			name = Products;
			sourceTree = "<group>";
		};
		31FDAE70290E97ED0005773D /* Market */ = {
			isa = PBXGroup;
			children = (
				31FDAEC1290EA0360005773D /* Foundation */,
				31FDAEA2290E9B8D0005773D /* Application */,
				31FDAEAF290E9DE30005773D /* Model */,
				31FDAEB5290E9E200005773D /* Services */,
				3124ADE6290EC94700F17387 /* Resources */,
				31FDAE7F290E97EE0005773D /* Info.plist */,
			);
			path = Market;
			sourceTree = "<group>";
		};
		31FDAE87290E97EE0005773D /* MarketTests */ = {
			isa = PBXGroup;
			children = (
				31FDAE88290E97EE0005773D /* MarketTests.swift */,
				31BE1AD8290ED5210051E507 /* ListViewModelTest.swift */,
				31BE1ADA290ED5A10051E507 /* Mock */,
				31DC3488290ED18E0003E2CB /* Resources */,
			);
			path = MarketTests;
			sourceTree = "<group>";
		};
		31FDAE91290E97EE0005773D /* MarketUITests */ = {
			isa = PBXGroup;
			children = (
				31FDAE92290E97EE0005773D /* MarketUITests.swift */,
				31FDAE94290E97EE0005773D /* MarketUITestsLaunchTests.swift */,
			);
			path = MarketUITests;
			sourceTree = "<group>";
		};
		31FDAEA1290E9B650005773D /* Main */ = {
			isa = PBXGroup;
			children = (
				31FDAE71290E97ED0005773D /* AppDelegate.swift */,
				31FDAE73290E97ED0005773D /* SceneDelegate.swift */,
			);
			path = Main;
			sourceTree = "<group>";
		};
		31FDAEA2290E9B8D0005773D /* Application */ = {
			isa = PBXGroup;
			children = (
				31FDAEA1290E9B650005773D /* Main */,
				31FDAEA3290E9BA10005773D /* List */,
			);
			path = Application;
			sourceTree = "<group>";
		};
		31FDAEA3290E9BA10005773D /* List */ = {
			isa = PBXGroup;
			children = (
				31FDAEA4290E9BAD0005773D /* Model */,
				31FDAEAA290E9C5F0005773D /* View */,
				31FDAEA7290E9C3D0005773D /* View Model */,
				31FDAEAD290E9CAC0005773D /* ListViewController.swift */,
			);
			path = List;
			sourceTree = "<group>";
		};
		31FDAEA4290E9BAD0005773D /* Model */ = {
			isa = PBXGroup;
			children = (
				31FDAEA5290E9C290005773D /* List Model.swift */,
			);
			path = Model;
			sourceTree = "<group>";
		};
		31FDAEA7290E9C3D0005773D /* View Model */ = {
			isa = PBXGroup;
			children = (
				31FDAEA8290E9C4C0005773D /* ListViewModel.swift */,
			);
			path = "View Model";
			sourceTree = "<group>";
		};
		31FDAEAA290E9C5F0005773D /* View */ = {
			isa = PBXGroup;
			children = (
				31FDAEAB290E9C8F0005773D /* ListCell.swift */,
			);
			path = View;
			sourceTree = "<group>";
		};
		31FDAEAF290E9DE30005773D /* Model */ = {
			isa = PBXGroup;
			children = (
				31FDAEB0290E9DF40005773D /* Model.swift */,
				31FDAEB2290E9DF80005773D /* Error */,
				31FDAEBA290E9F790005773D /* Service */,
			);
			path = Model;
			sourceTree = "<group>";
		};
		31FDAEB2290E9DF80005773D /* Error */ = {
			isa = PBXGroup;
			children = (
				31FDAEB3290E9E000005773D /* Error.swift */,
			);
			path = Error;
			sourceTree = "<group>";
		};
		31FDAEB5290E9E200005773D /* Services */ = {
			isa = PBXGroup;
			children = (
				31FDAEB6290E9E850005773D /* DataLoader.swift */,
				31FDAEB8290E9E8E0005773D /* NetworkEngine.swift */,
			);
			path = Services;
			sourceTree = "<group>";
		};
		31FDAEBA290E9F790005773D /* Service */ = {
			isa = PBXGroup;
			children = (
				31FDAEBB290E9F8C0005773D /* ModelService.swift */,
				31FDAEBD290E9F920005773D /* ModelServiceItem.swift */,
			);
			path = Service;
			sourceTree = "<group>";
		};
		31FDAEC1290EA0360005773D /* Foundation */ = {
			isa = PBXGroup;
			children = (
				31FDAEC2290EA03D0005773D /* Predicate.swift */,
				31FDAEC4290EA0440005773D /* ObservableType+Action.swift */,
				31FDAEC6290EA04B0005773D /* UIViewController+Rx.swift */,
				31FDAEC8290EA0510005773D /* UIColor.swift */,
			);
			path = Foundation;
			sourceTree = "<group>";
		};
		AD44249D895019167FC11706 /* Pods */ = {
			isa = PBXGroup;
			children = (
				C0235107EBD79A6D16C66946 /* Pods-Market.debug.xcconfig */,
				35D6C76215DCFC77BA704C05 /* Pods-Market.release.xcconfig */,
				21703D1D0E573D61CCEB60FF /* Pods-Market-Market.debug.xcconfig */,
				F99406CD96082281E9F31C39 /* Pods-Market-Market.release.xcconfig */,
				97D46121CA20B771D8C89494 /* Pods-MarketTests.debug.xcconfig */,
				3FAC22D28101C018ABA05DCE /* Pods-MarketTests.release.xcconfig */,
			);
			path = Pods;
			sourceTree = "<group>";
		};
		D4DF85FBB4318761EE93E3F2 /* Frameworks */ = {
			isa = PBXGroup;
			children = (
				B80D9BF9338D7561FD333BA1 /* Pods_Market.framework */,
				1C864511F1C54E4A9064E446 /* Pods_MarketTests.framework */,
			);
			name = Frameworks;
			sourceTree = "<group>";
		};
/* End PBXGroup section */

/* Begin PBXNativeTarget section */
		31FDAE6D290E97ED0005773D /* Market */ = {
			isa = PBXNativeTarget;
			buildConfigurationList = 31FDAE98290E97EE0005773D /* Build configuration list for PBXNativeTarget "Market" */;
			buildPhases = (
				3180D96A121146AD406390A6 /* [CP] Check Pods Manifest.lock */,
				31FDAE6A290E97ED0005773D /* Sources */,
				31FDAE6B290E97ED0005773D /* Frameworks */,
				31FDAE6C290E97ED0005773D /* Resources */,
				53B88473D7543389C9ED16F3 /* [CP] Embed Pods Frameworks */,
			);
			buildRules = (
			);
			dependencies = (
			);
			name = Market;
			productName = Market;
			productReference = 31FDAE6E290E97ED0005773D /* Market.app */;
			productType = "com.apple.product-type.application";
		};
		31FDAE83290E97EE0005773D /* MarketTests */ = {
			isa = PBXNativeTarget;
			buildConfigurationList = 31FDAE9B290E97EE0005773D /* Build configuration list for PBXNativeTarget "MarketTests" */;
			buildPhases = (
				FC111B020DBC8EBB012A2F56 /* [CP] Check Pods Manifest.lock */,
				31FDAE80290E97EE0005773D /* Sources */,
				31FDAE81290E97EE0005773D /* Frameworks */,
				31FDAE82290E97EE0005773D /* Resources */,
				2F8B22A5D6C2018C050E69E1 /* [CP] Embed Pods Frameworks */,
			);
			buildRules = (
			);
			dependencies = (
				31FDAE86290E97EE0005773D /* PBXTargetDependency */,
			);
			name = MarketTests;
			productName = MarketTests;
			productReference = 31FDAE84290E97EE0005773D /* MarketTests.xctest */;
			productType = "com.apple.product-type.bundle.unit-test";
		};
		31FDAE8D290E97EE0005773D /* MarketUITests */ = {
			isa = PBXNativeTarget;
			buildConfigurationList = 31FDAE9E290E97EE0005773D /* Build configuration list for PBXNativeTarget "MarketUITests" */;
			buildPhases = (
				31FDAE8A290E97EE0005773D /* Sources */,
				31FDAE8B290E97EE0005773D /* Frameworks */,
				31FDAE8C290E97EE0005773D /* Resources */,
			);
			buildRules = (
			);
			dependencies = (
				31FDAE90290E97EE0005773D /* PBXTargetDependency */,
			);
			name = MarketUITests;
			productName = MarketUITests;
			productReference = 31FDAE8E290E97EE0005773D /* MarketUITests.xctest */;
			productType = "com.apple.product-type.bundle.ui-testing";
		};
/* End PBXNativeTarget section */

/* Begin PBXProject section */
		31FDAE66290E97ED0005773D /* Project object */ = {
			isa = PBXProject;
			attributes = {
				BuildIndependentTargetsInParallel = 1;
				LastSwiftUpdateCheck = 1400;
				LastUpgradeCheck = 1400;
				TargetAttributes = {
					31FDAE6D290E97ED0005773D = {
						CreatedOnToolsVersion = 14.0.1;
					};
					31FDAE83290E97EE0005773D = {
						CreatedOnToolsVersion = 14.0.1;
						TestTargetID = 31FDAE6D290E97ED0005773D;
					};
					31FDAE8D290E97EE0005773D = {
						CreatedOnToolsVersion = 14.0.1;
						TestTargetID = 31FDAE6D290E97ED0005773D;
					};
				};
			};
			buildConfigurationList = 31FDAE69290E97ED0005773D /* Build configuration list for PBXProject "Market" */;
			compatibilityVersion = "Xcode 14.0";
			developmentRegion = en;
			hasScannedForEncodings = 0;
			knownRegions = (
				en,
				Base,
			);
			mainGroup = 31FDAE65290E97ED0005773D;
			productRefGroup = 31FDAE6F290E97ED0005773D /* Products */;
			projectDirPath = "";
			projectRoot = "";
			targets = (
				31FDAE6D290E97ED0005773D /* Market */,
				31FDAE83290E97EE0005773D /* MarketTests */,
				31FDAE8D290E97EE0005773D /* MarketUITests */,
			);
		};
/* End PBXProject section */

/* Begin PBXResourcesBuildPhase section */
		31FDAE6C290E97ED0005773D /* Resources */ = {
			isa = PBXResourcesBuildPhase;
			buildActionMask = 2147483647;
			files = (
				31FDAE7E290E97EE0005773D /* LaunchScreen.storyboard in Resources */,
				31FDAE7B290E97EE0005773D /* Assets.xcassets in Resources */,
			);
			runOnlyForDeploymentPostprocessing = 0;
		};
		31FDAE82290E97EE0005773D /* Resources */ = {
			isa = PBXResourcesBuildPhase;
			buildActionMask = 2147483647;
			files = (
				31BE1AE0290ED97F0051E507 /* items_v2.json in Resources */,
			);
			runOnlyForDeploymentPostprocessing = 0;
		};
		31FDAE8C290E97EE0005773D /* Resources */ = {
			isa = PBXResourcesBuildPhase;
			buildActionMask = 2147483647;
			files = (
			);
			runOnlyForDeploymentPostprocessing = 0;
		};
/* End PBXResourcesBuildPhase section */

/* Begin PBXShellScriptBuildPhase section */
		2F8B22A5D6C2018C050E69E1 /* [CP] Embed Pods Frameworks */ = {
			isa = PBXShellScriptBuildPhase;
			buildActionMask = 2147483647;
			files = (
			);
			inputFileListPaths = (
				"${PODS_ROOT}/Target Support Files/Pods-MarketTests/Pods-MarketTests-frameworks-${CONFIGURATION}-input-files.xcfilelist",
			);
			name = "[CP] Embed Pods Frameworks";
			outputFileListPaths = (
				"${PODS_ROOT}/Target Support Files/Pods-MarketTests/Pods-MarketTests-frameworks-${CONFIGURATION}-output-files.xcfilelist",
			);
			runOnlyForDeploymentPostprocessing = 0;
			shellPath = /bin/sh;
			shellScript = "\"${PODS_ROOT}/Target Support Files/Pods-MarketTests/Pods-MarketTests-frameworks.sh\"\n";
			showEnvVarsInLog = 0;
		};
		3180D96A121146AD406390A6 /* [CP] Check Pods Manifest.lock */ = {
			isa = PBXShellScriptBuildPhase;
			buildActionMask = 2147483647;
			files = (
			);
			inputFileListPaths = (
			);
			inputPaths = (
				"${PODS_PODFILE_DIR_PATH}/Podfile.lock",
				"${PODS_ROOT}/Manifest.lock",
			);
			name = "[CP] Check Pods Manifest.lock";
			outputFileListPaths = (
			);
			outputPaths = (
				"$(DERIVED_FILE_DIR)/Pods-Market-checkManifestLockResult.txt",
			);
			runOnlyForDeploymentPostprocessing = 0;
			shellPath = /bin/sh;
			shellScript = "diff \"${PODS_PODFILE_DIR_PATH}/Podfile.lock\" \"${PODS_ROOT}/Manifest.lock\" > /dev/null\nif [ $? != 0 ] ; then\n    # print error to STDERR\n    echo \"error: The sandbox is not in sync with the Podfile.lock. Run 'pod install' or update your CocoaPods installation.\" >&2\n    exit 1\nfi\n# This output is used by Xcode 'outputs' to avoid re-running this script phase.\necho \"SUCCESS\" > \"${SCRIPT_OUTPUT_FILE_0}\"\n";
			showEnvVarsInLog = 0;
		};
		53B88473D7543389C9ED16F3 /* [CP] Embed Pods Frameworks */ = {
			isa = PBXShellScriptBuildPhase;
			buildActionMask = 2147483647;
			files = (
			);
			inputFileListPaths = (
				"${PODS_ROOT}/Target Support Files/Pods-Market/Pods-Market-frameworks-${CONFIGURATION}-input-files.xcfilelist",
			);
			name = "[CP] Embed Pods Frameworks";
			outputFileListPaths = (
				"${PODS_ROOT}/Target Support Files/Pods-Market/Pods-Market-frameworks-${CONFIGURATION}-output-files.xcfilelist",
			);
			runOnlyForDeploymentPostprocessing = 0;
			shellPath = /bin/sh;
			shellScript = "\"${PODS_ROOT}/Target Support Files/Pods-Market/Pods-Market-frameworks.sh\"\n";
			showEnvVarsInLog = 0;
		};
		FC111B020DBC8EBB012A2F56 /* [CP] Check Pods Manifest.lock */ = {
			isa = PBXShellScriptBuildPhase;
			buildActionMask = 2147483647;
			files = (
			);
			inputFileListPaths = (
			);
			inputPaths = (
				"${PODS_PODFILE_DIR_PATH}/Podfile.lock",
				"${PODS_ROOT}/Manifest.lock",
			);
			name = "[CP] Check Pods Manifest.lock";
			outputFileListPaths = (
			);
			outputPaths = (
				"$(DERIVED_FILE_DIR)/Pods-MarketTests-checkManifestLockResult.txt",
			);
			runOnlyForDeploymentPostprocessing = 0;
			shellPath = /bin/sh;
			shellScript = "diff \"${PODS_PODFILE_DIR_PATH}/Podfile.lock\" \"${PODS_ROOT}/Manifest.lock\" > /dev/null\nif [ $? != 0 ] ; then\n    # print error to STDERR\n    echo \"error: The sandbox is not in sync with the Podfile.lock. Run 'pod install' or update your CocoaPods installation.\" >&2\n    exit 1\nfi\n# This output is used by Xcode 'outputs' to avoid re-running this script phase.\necho \"SUCCESS\" > \"${SCRIPT_OUTPUT_FILE_0}\"\n";
			showEnvVarsInLog = 0;
		};
/* End PBXShellScriptBuildPhase section */

/* Begin PBXSourcesBuildPhase section */
		31FDAE6A290E97ED0005773D /* Sources */ = {
			isa = PBXSourcesBuildPhase;
			buildActionMask = 2147483647;
			files = (
				31FDAEB9290E9E8E0005773D /* NetworkEngine.swift in Sources */,
				31FDAEB7290E9E850005773D /* DataLoader.swift in Sources */,
				31FDAEA9290E9C4C0005773D /* ListViewModel.swift in Sources */,
				31FDAEBE290E9F920005773D /* ModelServiceItem.swift in Sources */,
				31FDAEA6290E9C290005773D /* List Model.swift in Sources */,
				31FDAEC5290EA0440005773D /* ObservableType+Action.swift in Sources */,
				31FDAEAC290E9C8F0005773D /* ListCell.swift in Sources */,
				31FDAEC3290EA03D0005773D /* Predicate.swift in Sources */,
				31FDAEC7290EA04B0005773D /* UIViewController+Rx.swift in Sources */,
				31FDAE72290E97ED0005773D /* AppDelegate.swift in Sources */,
				31FDAEBC290E9F8C0005773D /* ModelService.swift in Sources */,
				31FDAE74290E97ED0005773D /* SceneDelegate.swift in Sources */,
				31FDAEC9290EA0510005773D /* UIColor.swift in Sources */,
				31FDAEAE290E9CAC0005773D /* ListViewController.swift in Sources */,
				31FDAEB4290E9E000005773D /* Error.swift in Sources */,
				31FDAEB1290E9DF40005773D /* Model.swift in Sources */,
			);
			runOnlyForDeploymentPostprocessing = 0;
		};
		31FDAE80290E97EE0005773D /* Sources */ = {
			isa = PBXSourcesBuildPhase;
			buildActionMask = 2147483647;
			files = (
				31BE1ADC290ED5B60051E507 /* DataLoaderMock.swift in Sources */,
				31BE1AD9290ED5210051E507 /* ListViewModelTest.swift in Sources */,
				31FDAE89290E97EE0005773D /* MarketTests.swift in Sources */,
			);
			runOnlyForDeploymentPostprocessing = 0;
		};
		31FDAE8A290E97EE0005773D /* Sources */ = {
			isa = PBXSourcesBuildPhase;
			buildActionMask = 2147483647;
			files = (
				31FDAE95290E97EE0005773D /* MarketUITestsLaunchTests.swift in Sources */,
				31FDAE93290E97EE0005773D /* MarketUITests.swift in Sources */,
			);
			runOnlyForDeploymentPostprocessing = 0;
		};
/* End PBXSourcesBuildPhase section */

/* Begin PBXTargetDependency section */
		31FDAE86290E97EE0005773D /* PBXTargetDependency */ = {
			isa = PBXTargetDependency;
			target = 31FDAE6D290E97ED0005773D /* Market */;
			targetProxy = 31FDAE85290E97EE0005773D /* PBXContainerItemProxy */;
		};
		31FDAE90290E97EE0005773D /* PBXTargetDependency */ = {
			isa = PBXTargetDependency;
			target = 31FDAE6D290E97ED0005773D /* Market */;
			targetProxy = 31FDAE8F290E97EE0005773D /* PBXContainerItemProxy */;
		};
/* End PBXTargetDependency section */

/* Begin PBXVariantGroup section */
		31FDAE7C290E97EE0005773D /* LaunchScreen.storyboard */ = {
			isa = PBXVariantGroup;
			children = (
				31FDAE7D290E97EE0005773D /* Base */,
			);
			name = LaunchScreen.storyboard;
			sourceTree = "<group>";
		};
/* End PBXVariantGroup section */

/* Begin XCBuildConfiguration section */
		31FDAE96290E97EE0005773D /* Debug */ = {
			isa = XCBuildConfiguration;
			buildSettings = {
				ALWAYS_SEARCH_USER_PATHS = NO;
				CLANG_ANALYZER_NONNULL = YES;
				CLANG_ANALYZER_NUMBER_OBJECT_CONVERSION = YES_AGGRESSIVE;
				CLANG_CXX_LANGUAGE_STANDARD = "gnu++20";
				CLANG_ENABLE_MODULES = YES;
				CLANG_ENABLE_OBJC_ARC = YES;
				CLANG_ENABLE_OBJC_WEAK = YES;
				CLANG_WARN_BLOCK_CAPTURE_AUTORELEASING = YES;
				CLANG_WARN_BOOL_CONVERSION = YES;
				CLANG_WARN_COMMA = YES;
				CLANG_WARN_CONSTANT_CONVERSION = YES;
				CLANG_WARN_DEPRECATED_OBJC_IMPLEMENTATIONS = YES;
				CLANG_WARN_DIRECT_OBJC_ISA_USAGE = YES_ERROR;
				CLANG_WARN_DOCUMENTATION_COMMENTS = YES;
				CLANG_WARN_EMPTY_BODY = YES;
				CLANG_WARN_ENUM_CONVERSION = YES;
				CLANG_WARN_INFINITE_RECURSION = YES;
				CLANG_WARN_INT_CONVERSION = YES;
				CLANG_WARN_NON_LITERAL_NULL_CONVERSION = YES;
				CLANG_WARN_OBJC_IMPLICIT_RETAIN_SELF = YES;
				CLANG_WARN_OBJC_LITERAL_CONVERSION = YES;
				CLANG_WARN_OBJC_ROOT_CLASS = YES_ERROR;
				CLANG_WARN_QUOTED_INCLUDE_IN_FRAMEWORK_HEADER = YES;
				CLANG_WARN_RANGE_LOOP_ANALYSIS = YES;
				CLANG_WARN_STRICT_PROTOTYPES = YES;
				CLANG_WARN_SUSPICIOUS_MOVE = YES;
				CLANG_WARN_UNGUARDED_AVAILABILITY = YES_AGGRESSIVE;
				CLANG_WARN_UNREACHABLE_CODE = YES;
				CLANG_WARN__DUPLICATE_METHOD_MATCH = YES;
				COPY_PHASE_STRIP = NO;
				DEBUG_INFORMATION_FORMAT = dwarf;
				ENABLE_STRICT_OBJC_MSGSEND = YES;
				ENABLE_TESTABILITY = YES;
				GCC_C_LANGUAGE_STANDARD = gnu11;
				GCC_DYNAMIC_NO_PIC = NO;
				GCC_NO_COMMON_BLOCKS = YES;
				GCC_OPTIMIZATION_LEVEL = 0;
				GCC_PREPROCESSOR_DEFINITIONS = (
					"DEBUG=1",
					"$(inherited)",
				);
				GCC_WARN_64_TO_32_BIT_CONVERSION = YES;
				GCC_WARN_ABOUT_RETURN_TYPE = YES_ERROR;
				GCC_WARN_UNDECLARED_SELECTOR = YES;
				GCC_WARN_UNINITIALIZED_AUTOS = YES_AGGRESSIVE;
				GCC_WARN_UNUSED_FUNCTION = YES;
				GCC_WARN_UNUSED_VARIABLE = YES;
				IPHONEOS_DEPLOYMENT_TARGET = 16.0;
				MTL_ENABLE_DEBUG_INFO = INCLUDE_SOURCE;
				MTL_FAST_MATH = YES;
				ONLY_ACTIVE_ARCH = YES;
				SDKROOT = iphoneos;
				SWIFT_ACTIVE_COMPILATION_CONDITIONS = DEBUG;
				SWIFT_OPTIMIZATION_LEVEL = "-Onone";
			};
			name = Debug;
		};
		31FDAE97290E97EE0005773D /* Release */ = {
			isa = XCBuildConfiguration;
			buildSettings = {
				ALWAYS_SEARCH_USER_PATHS = NO;
				CLANG_ANALYZER_NONNULL = YES;
				CLANG_ANALYZER_NUMBER_OBJECT_CONVERSION = YES_AGGRESSIVE;
				CLANG_CXX_LANGUAGE_STANDARD = "gnu++20";
				CLANG_ENABLE_MODULES = YES;
				CLANG_ENABLE_OBJC_ARC = YES;
				CLANG_ENABLE_OBJC_WEAK = YES;
				CLANG_WARN_BLOCK_CAPTURE_AUTORELEASING = YES;
				CLANG_WARN_BOOL_CONVERSION = YES;
				CLANG_WARN_COMMA = YES;
				CLANG_WARN_CONSTANT_CONVERSION = YES;
				CLANG_WARN_DEPRECATED_OBJC_IMPLEMENTATIONS = YES;
				CLANG_WARN_DIRECT_OBJC_ISA_USAGE = YES_ERROR;
				CLANG_WARN_DOCUMENTATION_COMMENTS = YES;
				CLANG_WARN_EMPTY_BODY = YES;
				CLANG_WARN_ENUM_CONVERSION = YES;
				CLANG_WARN_INFINITE_RECURSION = YES;
				CLANG_WARN_INT_CONVERSION = YES;
				CLANG_WARN_NON_LITERAL_NULL_CONVERSION = YES;
				CLANG_WARN_OBJC_IMPLICIT_RETAIN_SELF = YES;
				CLANG_WARN_OBJC_LITERAL_CONVERSION = YES;
				CLANG_WARN_OBJC_ROOT_CLASS = YES_ERROR;
				CLANG_WARN_QUOTED_INCLUDE_IN_FRAMEWORK_HEADER = YES;
				CLANG_WARN_RANGE_LOOP_ANALYSIS = YES;
				CLANG_WARN_STRICT_PROTOTYPES = YES;
				CLANG_WARN_SUSPICIOUS_MOVE = YES;
				CLANG_WARN_UNGUARDED_AVAILABILITY = YES_AGGRESSIVE;
				CLANG_WARN_UNREACHABLE_CODE = YES;
				CLANG_WARN__DUPLICATE_METHOD_MATCH = YES;
				COPY_PHASE_STRIP = NO;
				DEBUG_INFORMATION_FORMAT = "dwarf-with-dsym";
				ENABLE_NS_ASSERTIONS = NO;
				ENABLE_STRICT_OBJC_MSGSEND = YES;
				GCC_C_LANGUAGE_STANDARD = gnu11;
				GCC_NO_COMMON_BLOCKS = YES;
				GCC_WARN_64_TO_32_BIT_CONVERSION = YES;
				GCC_WARN_ABOUT_RETURN_TYPE = YES_ERROR;
				GCC_WARN_UNDECLARED_SELECTOR = YES;
				GCC_WARN_UNINITIALIZED_AUTOS = YES_AGGRESSIVE;
				GCC_WARN_UNUSED_FUNCTION = YES;
				GCC_WARN_UNUSED_VARIABLE = YES;
				IPHONEOS_DEPLOYMENT_TARGET = 16.0;
				MTL_ENABLE_DEBUG_INFO = NO;
				MTL_FAST_MATH = YES;
				SDKROOT = iphoneos;
				SWIFT_COMPILATION_MODE = wholemodule;
				SWIFT_OPTIMIZATION_LEVEL = "-O";
				VALIDATE_PRODUCT = YES;
			};
			name = Release;
		};
		31FDAE99290E97EE0005773D /* Debug */ = {
			isa = XCBuildConfiguration;
			baseConfigurationReference = C0235107EBD79A6D16C66946 /* Pods-Market.debug.xcconfig */;
			buildSettings = {
				ASSETCATALOG_COMPILER_APPICON_NAME = AppIcon;
				ASSETCATALOG_COMPILER_GLOBAL_ACCENT_COLOR_NAME = AccentColor;
				CODE_SIGN_STYLE = Manual;
				CURRENT_PROJECT_VERSION = 1;
				DEVELOPMENT_TEAM = "";
				GENERATE_INFOPLIST_FILE = YES;
				INFOPLIST_FILE = Market/Info.plist;
				INFOPLIST_KEY_LSApplicationCategoryType = "public.app-category.business";
				INFOPLIST_KEY_UIApplicationSupportsIndirectInputEvents = YES;
				INFOPLIST_KEY_UILaunchStoryboardName = LaunchScreen.storyboard;
				INFOPLIST_KEY_UISupportedInterfaceOrientations = UIInterfaceOrientationPortrait;
				IPHONEOS_DEPLOYMENT_TARGET = 13.0;
				LD_RUNPATH_SEARCH_PATHS = (
					"$(inherited)",
					"@executable_path/Frameworks",
				);
				MARKETING_VERSION = 1.0;
				PRODUCT_BUNDLE_IDENTIFIER = com.Valu.Market;
				PRODUCT_NAME = "$(TARGET_NAME)";
				PROVISIONING_PROFILE_SPECIFIER = "";
				SUPPORTED_PLATFORMS = "iphoneos iphonesimulator";
				SUPPORTS_MACCATALYST = NO;
				SUPPORTS_MAC_DESIGNED_FOR_IPHONE_IPAD = NO;
				SWIFT_EMIT_LOC_STRINGS = YES;
				SWIFT_VERSION = 5.0;
				TARGETED_DEVICE_FAMILY = 1;
			};
			name = Debug;
		};
		31FDAE9A290E97EE0005773D /* Release */ = {
			isa = XCBuildConfiguration;
			baseConfigurationReference = 35D6C76215DCFC77BA704C05 /* Pods-Market.release.xcconfig */;
			buildSettings = {
				ASSETCATALOG_COMPILER_APPICON_NAME = AppIcon;
				ASSETCATALOG_COMPILER_GLOBAL_ACCENT_COLOR_NAME = AccentColor;
				CODE_SIGN_STYLE = Manual;
				CURRENT_PROJECT_VERSION = 1;
				DEVELOPMENT_TEAM = "";
				GENERATE_INFOPLIST_FILE = YES;
				INFOPLIST_FILE = Market/Info.plist;
				INFOPLIST_KEY_LSApplicationCategoryType = "public.app-category.business";
				INFOPLIST_KEY_UIApplicationSupportsIndirectInputEvents = YES;
				INFOPLIST_KEY_UILaunchStoryboardName = LaunchScreen.storyboard;
				INFOPLIST_KEY_UISupportedInterfaceOrientations = UIInterfaceOrientationPortrait;
				IPHONEOS_DEPLOYMENT_TARGET = 13.0;
				LD_RUNPATH_SEARCH_PATHS = (
					"$(inherited)",
					"@executable_path/Frameworks",
				);
				MARKETING_VERSION = 1.0;
				PRODUCT_BUNDLE_IDENTIFIER = com.Valu.Market;
				PRODUCT_NAME = "$(TARGET_NAME)";
				PROVISIONING_PROFILE_SPECIFIER = "";
				SUPPORTED_PLATFORMS = "iphoneos iphonesimulator";
				SUPPORTS_MACCATALYST = NO;
				SUPPORTS_MAC_DESIGNED_FOR_IPHONE_IPAD = NO;
				SWIFT_EMIT_LOC_STRINGS = YES;
				SWIFT_VERSION = 5.0;
				TARGETED_DEVICE_FAMILY = 1;
			};
			name = Release;
		};
		31FDAE9C290E97EE0005773D /* Debug */ = {
			isa = XCBuildConfiguration;
			baseConfigurationReference = 97D46121CA20B771D8C89494 /* Pods-MarketTests.debug.xcconfig */;
			buildSettings = {
				ALWAYS_EMBED_SWIFT_STANDARD_LIBRARIES = YES;
				BUNDLE_LOADER = "$(TEST_HOST)";
				CODE_SIGN_STYLE = Manual;
				CURRENT_PROJECT_VERSION = 1;
				DEVELOPMENT_TEAM = "";
				GENERATE_INFOPLIST_FILE = YES;
				IPHONEOS_DEPLOYMENT_TARGET = 13.0;
				MARKETING_VERSION = 1.0;
				PRODUCT_BUNDLE_IDENTIFIER = com.Valu.MarketTests;
				PRODUCT_NAME = "$(TARGET_NAME)";
				PROVISIONING_PROFILE_SPECIFIER = "";
				SWIFT_EMIT_LOC_STRINGS = NO;
				SWIFT_VERSION = 5.0;
				TARGETED_DEVICE_FAMILY = "1,2";
				TEST_HOST = "$(BUILT_PRODUCTS_DIR)/Market.app/$(BUNDLE_EXECUTABLE_FOLDER_PATH)/Market";
			};
			name = Debug;
		};
		31FDAE9D290E97EE0005773D /* Release */ = {
			isa = XCBuildConfiguration;
			baseConfigurationReference = 3FAC22D28101C018ABA05DCE /* Pods-MarketTests.release.xcconfig */;
			buildSettings = {
				ALWAYS_EMBED_SWIFT_STANDARD_LIBRARIES = YES;
				BUNDLE_LOADER = "$(TEST_HOST)";
				CODE_SIGN_STYLE = Manual;
				CURRENT_PROJECT_VERSION = 1;
				DEVELOPMENT_TEAM = "";
				GENERATE_INFOPLIST_FILE = YES;
				IPHONEOS_DEPLOYMENT_TARGET = 13.0;
				MARKETING_VERSION = 1.0;
				PRODUCT_BUNDLE_IDENTIFIER = com.Valu.MarketTests;
				PRODUCT_NAME = "$(TARGET_NAME)";
				PROVISIONING_PROFILE_SPECIFIER = "";
				SWIFT_EMIT_LOC_STRINGS = NO;
				SWIFT_VERSION = 5.0;
				TARGETED_DEVICE_FAMILY = "1,2";
				TEST_HOST = "$(BUILT_PRODUCTS_DIR)/Market.app/$(BUNDLE_EXECUTABLE_FOLDER_PATH)/Market";
			};
			name = Release;
		};
		31FDAE9F290E97EE0005773D /* Debug */ = {
			isa = XCBuildConfiguration;
			buildSettings = {
				ALWAYS_EMBED_SWIFT_STANDARD_LIBRARIES = YES;
				CODE_SIGN_STYLE = Manual;
				CURRENT_PROJECT_VERSION = 1;
				DEVELOPMENT_TEAM = "";
				GENERATE_INFOPLIST_FILE = YES;
				IPHONEOS_DEPLOYMENT_TARGET = 13.0;
				MARKETING_VERSION = 1.0;
				PRODUCT_BUNDLE_IDENTIFIER = com.Valu.MarketUITests;
				PRODUCT_NAME = "$(TARGET_NAME)";
				PROVISIONING_PROFILE_SPECIFIER = "";
				SWIFT_EMIT_LOC_STRINGS = NO;
				SWIFT_VERSION = 5.0;
				TARGETED_DEVICE_FAMILY = "1,2";
				TEST_TARGET_NAME = Market;
			};
			name = Debug;
		};
		31FDAEA0290E97EE0005773D /* Release */ = {
			isa = XCBuildConfiguration;
			buildSettings = {
				ALWAYS_EMBED_SWIFT_STANDARD_LIBRARIES = YES;
				CODE_SIGN_STYLE = Manual;
				CURRENT_PROJECT_VERSION = 1;
				DEVELOPMENT_TEAM = "";
				GENERATE_INFOPLIST_FILE = YES;
				IPHONEOS_DEPLOYMENT_TARGET = 13.0;
				MARKETING_VERSION = 1.0;
				PRODUCT_BUNDLE_IDENTIFIER = com.Valu.MarketUITests;
				PRODUCT_NAME = "$(TARGET_NAME)";
				PROVISIONING_PROFILE_SPECIFIER = "";
				SWIFT_EMIT_LOC_STRINGS = NO;
				SWIFT_VERSION = 5.0;
				TARGETED_DEVICE_FAMILY = "1,2";
				TEST_TARGET_NAME = Market;
			};
			name = Release;
		};
/* End XCBuildConfiguration section */

/* Begin XCConfigurationList section */
		31FDAE69290E97ED0005773D /* Build configuration list for PBXProject "Market" */ = {
			isa = XCConfigurationList;
			buildConfigurations = (
				31FDAE96290E97EE0005773D /* Debug */,
				31FDAE97290E97EE0005773D /* Release */,
			);
			defaultConfigurationIsVisible = 0;
			defaultConfigurationName = Release;
		};
		31FDAE98290E97EE0005773D /* Build configuration list for PBXNativeTarget "Market" */ = {
			isa = XCConfigurationList;
			buildConfigurations = (
				31FDAE99290E97EE0005773D /* Debug */,
				31FDAE9A290E97EE0005773D /* Release */,
			);
			defaultConfigurationIsVisible = 0;
			defaultConfigurationName = Release;
		};
		31FDAE9B290E97EE0005773D /* Build configuration list for PBXNativeTarget "MarketTests" */ = {
			isa = XCConfigurationList;
			buildConfigurations = (
				31FDAE9C290E97EE0005773D /* Debug */,
				31FDAE9D290E97EE0005773D /* Release */,
			);
			defaultConfigurationIsVisible = 0;
			defaultConfigurationName = Release;
		};
		31FDAE9E290E97EE0005773D /* Build configuration list for PBXNativeTarget "MarketUITests" */ = {
			isa = XCConfigurationList;
			buildConfigurations = (
				31FDAE9F290E97EE0005773D /* Debug */,
				31FDAEA0290E97EE0005773D /* Release */,
			);
			defaultConfigurationIsVisible = 0;
			defaultConfigurationName = Release;
		};
/* End XCConfigurationList section */
	};
	rootObject = 31FDAE66290E97ED0005773D /* Project object */;
}
